// !$*UTF8*$!
{
	archiveVersion = 1;
	classes = {
	};
	objectVersion = 77;
	objects = {

/* Begin PBXBuildFile section */
		AA2657480000000000000005 /* H264Codec in Frameworks */ = {isa = PBXBuildFile; productRef = AA2657480000000000000003 /* H264Codec */; };
		AA2657480000000000000006 /* OpusCodec in Frameworks */ = {isa = PBXBuildFile; productRef = AA2657480000000000000004 /* OpusCodec */; };
		AA265748000000000000000C /* BroadcastUploadExtension.appex in Embed Foundation Extensions */ = {isa = PBXBuildFile; fileRef = AA265748000000000000000B /* BroadcastUploadExtension.appex */; settings = {ATTRIBUTES = (RemoveHeadersOnCopy, ); }; };
		AA2657480000000000000012 /* ReplayKit.framework in Frameworks */ = {isa = PBXBuildFile; fileRef = AA2657480000000000000011 /* ReplayKit.framework */; };
		AA265748000000000000001B /* ReplayKit.framework in Frameworks */ = {isa = PBXBuildFile; fileRef = AA2657480000000000000011 /* ReplayKit.framework */; };
/* End PBXBuildFile section */

/* Begin PBXContainerItemProxy section */
		AA265748000000000000000D /* PBXContainerItemProxy */ = {
			isa = PBXContainerItemProxy;
			containerPortal = 2DA76DA72FC0ECBF00C3F418 /* Project object */;
			proxyType = 1;
			remoteGlobalIDString = AA2657480000000000000015;
			remoteInfo = BroadcastUploadExtension;
		};
/* End PBXContainerItemProxy section */

/* Begin PBXCopyFilesBuildPhase section */
		AA2657480000000000000017 /* Embed Foundation Extensions */ = {
			isa = PBXCopyFilesBuildPhase;
			buildActionMask = 2147483647;
			dstPath = "";
			dstSubfolderSpec = 13;
			files = (
				AA265748000000000000000C /* BroadcastUploadExtension.appex in Embed Foundation Extensions */,
			);
			name = "Embed Foundation Extensions";
			runOnlyForDeploymentPostprocessing = 0;
		};
/* End PBXCopyFilesBuildPhase section */

/* Begin PBXFileReference section */
		2DA76DAF2FC0ECBF00C3F418 /* devicekit.h264.app */ = {isa = PBXFileReference; explicitFileType = wrapper.application; includeInIndex = 0; path = devicekit.h264.app; sourceTree = BUILT_PRODUCTS_DIR; };
		AA265748000000000000000B /* BroadcastUploadExtension.appex */ = {isa = PBXFileReference; explicitFileType = "wrapper.app-extension"; includeInIndex = 0; path = BroadcastUploadExtension.appex; sourceTree = BUILT_PRODUCTS_DIR; };
		AA2657480000000000000011 /* ReplayKit.framework */ = {isa = PBXFileReference; lastKnownFileType = wrapper.framework; name = ReplayKit.framework; path = System/Library/Frameworks/ReplayKit.framework; sourceTree = SDKROOT; };
/* End PBXFileReference section */

/* Begin PBXFileSystemSynchronizedBuildFileExceptionSet section */
		2DA76DDC2FC0ECC100C3F418 /* Exceptions for "devicekit.h264" folder in "devicekit.h264" target */ = {
			isa = PBXFileSystemSynchronizedBuildFileExceptionSet;
			membershipExceptions = (
				Info.plist,
			);
			target = 2DA76DAE2FC0ECBF00C3F418 /* devicekit.h264 */;
		};
		AA265748000000000000000F /* Exceptions for "BroadcastUploadExtension" folder in "BroadcastUploadExtension" target */ = {
			isa = PBXFileSystemSynchronizedBuildFileExceptionSet;
			membershipExceptions = (
				Info.plist,
			);
			target = AA2657480000000000000015 /* BroadcastUploadExtension */;
		};
/* End PBXFileSystemSynchronizedBuildFileExceptionSet section */

/* Begin PBXFileSystemSynchronizedRootGroup section */
		2DA76DB12FC0ECBF00C3F418 /* devicekit.h264 */ = {
			isa = PBXFileSystemSynchronizedRootGroup;
			exceptions = (
				2DA76DDC2FC0ECC100C3F418 /* Exceptions for "devicekit.h264" folder in "devicekit.h264" target */,
			);
			path = devicekit.h264;
			sourceTree = "<group>";
		};
		AA265748000000000000000E /* BroadcastUploadExtension */ = {
			isa = PBXFileSystemSynchronizedRootGroup;
			exceptions = (
				AA265748000000000000000F /* Exceptions for "BroadcastUploadExtension" folder in "BroadcastUploadExtension" target */,
			);
			path = BroadcastUploadExtension;
			sourceTree = "<group>";
		};
/* End PBXFileSystemSynchronizedRootGroup section */

/* Begin PBXFrameworksBuildPhase section */
		2DA76DAC2FC0ECBF00C3F418 /* Frameworks */ = {
			isa = PBXFrameworksBuildPhase;
			buildActionMask = 2147483647;
			files = (
				AA265748000000000000001B /* ReplayKit.framework in Frameworks */,
			);
			runOnlyForDeploymentPostprocessing = 0;
		};
		AA2657480000000000000010 /* Frameworks */ = {
			isa = PBXFrameworksBuildPhase;
			buildActionMask = 2147483647;
			files = (
				AA2657480000000000000012 /* ReplayKit.framework in Frameworks */,
				AA2657480000000000000005 /* H264Codec in Frameworks */,
				AA2657480000000000000006 /* OpusCodec in Frameworks */,
			);
			runOnlyForDeploymentPostprocessing = 0;
		};
/* End PBXFrameworksBuildPhase section */

/* Begin PBXGroup section */
		2DA76DA62FC0ECBF00C3F418 = {
			isa = PBXGroup;
			children = (
				AA265748000000000000000E /* BroadcastUploadExtension */,
				2DA76DB12FC0ECBF00C3F418 /* devicekit.h264 */,
				2DA76DB02FC0ECBF00C3F418 /* Products */,
				2DA76DE82FC1AD8B00C3F418 /* Recovered References */,
			);
			sourceTree = "<group>";
		};
		2DA76DB02FC0ECBF00C3F418 /* Products */ = {
			isa = PBXGroup;
			children = (
				2DA76DAF2FC0ECBF00C3F418 /* devicekit.h264.app */,
				AA265748000000000000000B /* BroadcastUploadExtension.appex */,
			);
			name = Products;
			sourceTree = "<group>";
		};
		2DA76DE82FC1AD8B00C3F418 /* Recovered References */ = {
			isa = PBXGroup;
			children = (
				AA2657480000000000000011 /* ReplayKit.framework */,
			);
			name = "Recovered References";
			sourceTree = "<group>";
		};
/* End PBXGroup section */

/* Begin PBXNativeTarget section */
		2DA76DAE2FC0ECBF00C3F418 /* devicekit.h264 */ = {
			isa = PBXNativeTarget;
			buildConfigurationList = 2DA76DDD2FC0ECC100C3F418 /* Build configuration list for PBXNativeTarget "devicekit.h264" */;
			buildPhases = (
				2DA76DAB2FC0ECBF00C3F418 /* Sources */,
				2DA76DAC2FC0ECBF00C3F418 /* Frameworks */,
				2DA76DAD2FC0ECBF00C3F418 /* Resources */,
				AA2657480000000000000017 /* Embed Foundation Extensions */,
			);
			buildRules = (
			);
			dependencies = (
				AA2657480000000000000016 /* PBXTargetDependency */,
			);
			fileSystemSynchronizedGroups = (
				2DA76DB12FC0ECBF00C3F418 /* devicekit.h264 */,
			);
			name = devicekit.h264;
			packageProductDependencies = (
			);
			productName = devicekit.h264;
			productReference = 2DA76DAF2FC0ECBF00C3F418 /* devicekit.h264.app */;
			productType = "com.apple.product-type.application";
		};
		AA2657480000000000000015 /* BroadcastUploadExtension */ = {
			isa = PBXNativeTarget;
			buildConfigurationList = AA265748000000000000001A /* Build configuration list for PBXNativeTarget "BroadcastUploadExtension" */;
			buildPhases = (
				AA2657480000000000000014 /* Sources */,
				AA2657480000000000000010 /* Frameworks */,
				AA2657480000000000000013 /* Resources */,
			);
			buildRules = (
			);
			dependencies = (
			);
			fileSystemSynchronizedGroups = (
				AA265748000000000000000E /* BroadcastUploadExtension */,
			);
			name = BroadcastUploadExtension;
			packageProductDependencies = (
				AA2657480000000000000003 /* H264Codec */,
				AA2657480000000000000004 /* OpusCodec */,
			);
			productName = BroadcastUploadExtension;
			productReference = AA265748000000000000000B /* BroadcastUploadExtension.appex */;
			productType = "com.apple.product-type.app-extension";
		};
/* End PBXNativeTarget section */

/* Begin PBXProject section */
		2DA76DA72FC0ECBF00C3F418 /* Project object */ = {
			isa = PBXProject;
			attributes = {
				BuildIndependentTargetsInParallel = 1;
				LastUpgradeCheck = 2600;
				TargetAttributes = {
					2DA76DAE2FC0ECBF00C3F418 = {
						CreatedOnToolsVersion = 26.0.1;
					};
					AA2657480000000000000015 = {
						CreatedOnToolsVersion = 26.0.1;
					};
				};
			};
			buildConfigurationList = 2DA76DAA2FC0ECBF00C3F418 /* Build configuration list for PBXProject "devicekit.h264" */;
			developmentRegion = en;
			hasScannedForEncodings = 0;
			knownRegions = (
				en,
				Base,
			);
			mainGroup = 2DA76DA62FC0ECBF00C3F418;
			minimizedProjectReferenceProxies = 1;
			packageReferences = (
				AA2657480000000000000001 /* XCLocalSwiftPackageReference "h264-codec" */,
				AA2657480000000000000002 /* XCLocalSwiftPackageReference "opus-codec" */,
			);
			preferredProjectObjectVersion = 77;
			productRefGroup = 2DA76DB02FC0ECBF00C3F418 /* Products */;
			projectDirPath = "";
			projectRoot = "";
			targets = (
				2DA76DAE2FC0ECBF00C3F418 /* devicekit.h264 */,
				AA2657480000000000000015 /* BroadcastUploadExtension */,
			);
		};
/* End PBXProject section */

/* Begin PBXResourcesBuildPhase section */
		2DA76DAD2FC0ECBF00C3F418 /* Resources */ = {
			isa = PBXResourcesBuildPhase;
			buildActionMask = 2147483647;
			files = (
			);
			runOnlyForDeploymentPostprocessing = 0;
		};
		AA2657480000000000000013 /* Resources */ = {
			isa = PBXResourcesBuildPhase;
			buildActionMask = 2147483647;
			files = (
			);
			runOnlyForDeploymentPostprocessing = 0;
		};
/* End PBXResourcesBuildPhase section */

/* Begin PBXSourcesBuildPhase section */
		2DA76DAB2FC0ECBF00C3F418 /* Sources */ = {
			isa = PBXSourcesBuildPhase;
			buildActionMask = 2147483647;
			files = (
			);
			runOnlyForDeploymentPostprocessing = 0;
		};
		AA2657480000000000000014 /* Sources */ = {
			isa = PBXSourcesBuildPhase;
			buildActionMask = 2147483647;
			files = (
			);
			runOnlyForDeploymentPostprocessing = 0;
		};
/* End PBXSourcesBuildPhase section */

/* Begin PBXTargetDependency section */
		AA2657480000000000000016 /* PBXTargetDependency */ = {
			isa = PBXTargetDependency;
			target = AA2657480000000000000015 /* BroadcastUploadExtension */;
			targetProxy = AA265748000000000000000D /* PBXContainerItemProxy */;
		};
/* End PBXTargetDependency section */

/* Begin XCBuildConfiguration section */
		2DA76DDE2FC0ECC100C3F418 /* Debug */ = {
			isa = XCBuildConfiguration;
			buildSettings = {
				ASSETCATALOG_COMPILER_APPICON_NAME = AppIcon;
				ASSETCATALOG_COMPILER_GLOBAL_ACCENT_COLOR_NAME = AccentColor;
				CODE_SIGN_IDENTITY = "Apple Development";
				CODE_SIGN_STYLE = Manual;
				CURRENT_PROJECT_VERSION = 1;
				DEVELOPMENT_TEAM = "";
				GENERATE_INFOPLIST_FILE = YES;
				INFOPLIST_FILE = devicekit.h264/Info.plist;
				INFOPLIST_KEY_UIApplicationSupportsIndirectInputEvents = YES;
				INFOPLIST_KEY_UISupportedInterfaceOrientations_iPad = "UIInterfaceOrientationPortrait UIInterfaceOrientationPortraitUpsideDown UIInterfaceOrientationLandscapeLeft UIInterfaceOrientationLandscapeRight";
				INFOPLIST_KEY_UISupportedInterfaceOrientations_iPhone = "UIInterfaceOrientationPortrait UIInterfaceOrientationLandscapeLeft UIInterfaceOrientationLandscapeRight";
				LD_RUNPATH_SEARCH_PATHS = (
					"$(inherited)",
					"@executable_path/Frameworks",
				);
				MARKETING_VERSION = 1.0;
				PRODUCT_BUNDLE_IDENTIFIER = "com.mobilenext.devicekit-h264";
				PRODUCT_NAME = "$(TARGET_NAME)";
				PROVISIONING_PROFILE_SPECIFIER = "";
				STRING_CATALOG_GENERATE_SYMBOLS = YES;
				SWIFT_EMIT_LOC_STRINGS = YES;
				SWIFT_VERSION = 5.9;
				TARGETED_DEVICE_FAMILY = "1,2";
			};
			name = Debug;
		};
		2DA76DDF2FC0ECC100C3F418 /* Release */ = {
			isa = XCBuildConfiguration;
			buildSettings = {
				ASSETCATALOG_COMPILER_APPICON_NAME = AppIcon;
				ASSETCATALOG_COMPILER_GLOBAL_ACCENT_COLOR_NAME = AccentColor;
				CODE_SIGN_IDENTITY = "Apple Development";
				CODE_SIGN_STYLE = Manual;
				CURRENT_PROJECT_VERSION = 1;
				DEVELOPMENT_TEAM = "";
				GENERATE_INFOPLIST_FILE = YES;
				INFOPLIST_FILE = devicekit.h264/Info.plist;
				INFOPLIST_KEY_UIApplicationSupportsIndirectInputEvents = YES;
				INFOPLIST_KEY_UISupportedInterfaceOrientations_iPad = "UIInterfaceOrientationPortrait UIInterfaceOrientationPortraitUpsideDown UIInterfaceOrientationLandscapeLeft UIInterfaceOrientationLandscapeRight";
				INFOPLIST_KEY_UISupportedInterfaceOrientations_iPhone = "UIInterfaceOrientationPortrait UIInterfaceOrientationLandscapeLeft UIInterfaceOrientationLandscapeRight";
				LD_RUNPATH_SEARCH_PATHS = (
					"$(inherited)",
					"@executable_path/Frameworks",
				);
				MARKETING_VERSION = 1.0;
				PRODUCT_BUNDLE_IDENTIFIER = "com.mobilenext.devicekit-h264";
				PRODUCT_NAME = "$(TARGET_NAME)";
				PROVISIONING_PROFILE_SPECIFIER = "";
				STRING_CATALOG_GENERATE_SYMBOLS = YES;
				SWIFT_EMIT_LOC_STRINGS = YES;
				SWIFT_VERSION = 5.9;
				TARGETED_DEVICE_FAMILY = "1,2";
			};
			name = Release;
		};
		2DA76DE02FC0ECC100C3F418 /* Debug */ = {
			isa = XCBuildConfiguration;
			buildSettings = {
				ALWAYS_SEARCH_USER_PATHS = NO;
				ASSETCATALOG_COMPILER_GENERATE_SWIFT_ASSET_SYMBOL_EXTENSIONS = YES;
				CLANG_ANALYZER_NONNULL = YES;
				CLANG_ANALYZER_NUMBER_OBJECT_CONVERSION = YES_AGGRESSIVE;
				CLANG_CXX_LANGUAGE_STANDARD = "gnu++20";
				CLANG_ENABLE_MODULES = YES;
				CLANG_ENABLE_OBJC_ARC = YES;
				CLANG_ENABLE_OBJC_WEAK = YES;
				CLANG_WARN_BLOCK_CAPTURE_AUTORELEASING = YES;
				CLANG_WARN_BOOL_CONVERSION = YES;
				CLANG_WARN_COMMA = YES;
				CLANG_WARN_CONSTANT_CONVERSION = YES;
				CLANG_WARN_DEPRECATED_OBJC_IMPLEMENTATIONS = YES;
				CLANG_WARN_DIRECT_OBJC_ISA_USAGE = YES_ERROR;
				CLANG_WARN_DOCUMENTATION_COMMENTS = YES;
				CLANG_WARN_EMPTY_BODY = YES;
				CLANG_WARN_ENUM_CONVERSION = YES;
				CLANG_WARN_INFINITE_RECURSION = YES;
				CLANG_WARN_INT_CONVERSION = YES;
				CLANG_WARN_NON_LITERAL_NULL_CONVERSION = YES;
				CLANG_WARN_OBJC_IMPLICIT_RETAIN_SELF = YES;
				CLANG_WARN_OBJC_LITERAL_CONVERSION = YES;
				CLANG_WARN_OBJC_ROOT_CLASS = YES_ERROR;
				CLANG_WARN_QUOTED_INCLUDE_IN_FRAMEWORK_HEADER = YES;
				CLANG_WARN_RANGE_LOOP_ANALYSIS = YES;
				CLANG_WARN_STRICT_PROTOTYPES = YES;
				CLANG_WARN_SUSPICIOUS_MOVE = YES;
				CLANG_WARN_UNGUARDED_AVAILABILITY = YES_AGGRESSIVE;
				CLANG_WARN_UNREACHABLE_CODE = YES;
				CLANG_WARN__DUPLICATE_METHOD_MATCH = YES;
				COPY_PHASE_STRIP = NO;
				DEBUG_INFORMATION_FORMAT = dwarf;
				ENABLE_STRICT_OBJC_MSGSEND = YES;
				ENABLE_TESTABILITY = YES;
				ENABLE_USER_SCRIPT_SANDBOXING = YES;
				GCC_C_LANGUAGE_STANDARD = gnu17;
				GCC_DYNAMIC_NO_PIC = NO;
				GCC_NO_COMMON_BLOCKS = YES;
				GCC_OPTIMIZATION_LEVEL = 0;
				GCC_PREPROCESSOR_DEFINITIONS = (
					"DEBUG=1",
					"$(inherited)",
				);
				GCC_WARN_64_TO_32_BIT_CONVERSION = YES;
				GCC_WARN_ABOUT_RETURN_TYPE = YES_ERROR;
				GCC_WARN_UNDECLARED_SELECTOR = YES;
				GCC_WARN_UNINITIALIZED_AUTOS = YES_AGGRESSIVE;
				GCC_WARN_UNUSED_FUNCTION = YES;
				GCC_WARN_UNUSED_VARIABLE = YES;
				IPHONEOS_DEPLOYMENT_TARGET = 26.0;
				LOCALIZATION_PREFERS_STRING_CATALOGS = YES;
				MTL_ENABLE_DEBUG_INFO = INCLUDE_SOURCE;
				MTL_FAST_MATH = YES;
				ONLY_ACTIVE_ARCH = YES;
				SDKROOT = iphoneos;
				SWIFT_VERSION = 5.9;
			};
			name = Debug;
		};
		2DA76DE12FC0ECC100C3F418 /* Release */ = {
			isa = XCBuildConfiguration;
			buildSettings = {
				ALWAYS_SEARCH_USER_PATHS = NO;
				ASSETCATALOG_COMPILER_GENERATE_SWIFT_ASSET_SYMBOL_EXTENSIONS = YES;
				CLANG_ANALYZER_NONNULL = YES;
				CLANG_ANALYZER_NUMBER_OBJECT_CONVERSION = YES_AGGRESSIVE;
				CLANG_CXX_LANGUAGE_STANDARD = "gnu++20";
				CLANG_ENABLE_MODULES = YES;
				CLANG_ENABLE_OBJC_ARC = YES;
				CLANG_ENABLE_OBJC_WEAK = YES;
				CLANG_WARN_BLOCK_CAPTURE_AUTORELEASING = YES;
				CLANG_WARN_BOOL_CONVERSION = YES;
				CLANG_WARN_COMMA = YES;
				CLANG_WARN_CONSTANT_CONVERSION = YES;
				CLANG_WARN_DEPRECATED_OBJC_IMPLEMENTATIONS = YES;
				CLANG_WARN_DIRECT_OBJC_ISA_USAGE = YES_ERROR;
				CLANG_WARN_DOCUMENTATION_COMMENTS = YES;
				CLANG_WARN_EMPTY_BODY = YES;
				CLANG_WARN_ENUM_CONVERSION = YES;
				CLANG_WARN_INFINITE_RECURSION = YES;
				CLANG_WARN_INT_CONVERSION = YES;
				CLANG_WARN_NON_LITERAL_NULL_CONVERSION = YES;
				CLANG_WARN_OBJC_IMPLICIT_RETAIN_SELF = YES;
				CLANG_WARN_OBJC_LITERAL_CONVERSION = YES;
				CLANG_WARN_OBJC_ROOT_CLASS = YES_ERROR;
				CLANG_WARN_QUOTED_INCLUDE_IN_FRAMEWORK_HEADER = YES;
				CLANG_WARN_RANGE_LOOP_ANALYSIS = YES;
				CLANG_WARN_STRICT_PROTOTYPES = YES;
				CLANG_WARN_SUSPICIOUS_MOVE = YES;
				CLANG_WARN_UNGUARDED_AVAILABILITY = YES_AGGRESSIVE;
				CLANG_WARN_UNREACHABLE_CODE = YES;
				CLANG_WARN__DUPLICATE_METHOD_MATCH = YES;
				COPY_PHASE_STRIP = NO;
				DEBUG_INFORMATION_FORMAT = "dwarf-with-dsym";
				ENABLE_NS_ASSERTIONS = NO;
				ENABLE_STRICT_OBJC_MSGSEND = YES;
				ENABLE_USER_SCRIPT_SANDBOXING = YES;
				GCC_C_LANGUAGE_STANDARD = gnu17;
				GCC_NO_COMMON_BLOCKS = YES;
				GCC_WARN_64_TO_32_BIT_CONVERSION = YES;
				GCC_WARN_ABOUT_RETURN_TYPE = YES_ERROR;
				GCC_WARN_UNDECLARED_SELECTOR = YES;
				GCC_WARN_UNINITIALIZED_AUTOS = YES_AGGRESSIVE;
				GCC_WARN_UNUSED_FUNCTION = YES;
				GCC_WARN_UNUSED_VARIABLE = YES;
				IPHONEOS_DEPLOYMENT_TARGET = 26.0;
				LOCALIZATION_PREFERS_STRING_CATALOGS = YES;
				MTL_ENABLE_DEBUG_INFO = NO;
				MTL_FAST_MATH = YES;
				SDKROOT = iphoneos;
				SWIFT_VERSION = 5.9;
				VALIDATE_PRODUCT = YES;
			};
			name = Release;
		};
		AA2657480000000000000018 /* Debug */ = {
			isa = XCBuildConfiguration;
			buildSettings = {
				CODE_SIGN_IDENTITY = "Apple Development";
				CODE_SIGN_STYLE = Manual;
				CURRENT_PROJECT_VERSION = 1;
				DEVELOPMENT_TEAM = "";
				GENERATE_INFOPLIST_FILE = YES;
				INFOPLIST_FILE = BroadcastUploadExtension/Info.plist;
				INFOPLIST_KEY_CFBundleDisplayName = BroadcastUploadExtension;
				INFOPLIST_KEY_NSHumanReadableCopyright = "";
				IPHONEOS_DEPLOYMENT_TARGET = 16.0;
				LD_RUNPATH_SEARCH_PATHS = (
					"$(inherited)",
					"@executable_path/Frameworks",
					"@executable_path/../../Frameworks",
				);
				MARKETING_VERSION = 1.0;
				PRODUCT_BUNDLE_IDENTIFIER = "com.mobilenext.devicekit-h264.BroadcastUploadExtension";
				PRODUCT_NAME = "$(TARGET_NAME)";
				PROVISIONING_PROFILE_SPECIFIER = "";
				SKIP_INSTALL = YES;
				STRING_CATALOG_GENERATE_SYMBOLS = YES;
				SWIFT_ACTIVE_COMPILATION_CONDITIONS = "DEBUG $(inherited)";
				SWIFT_EMIT_LOC_STRINGS = YES;
				SWIFT_VERSION = 5.9;
				TARGETED_DEVICE_FAMILY = "1,2";
			};
			name = Debug;
		};
		AA2657480000000000000019 /* Release */ = {
			isa = XCBuildConfiguration;
			buildSettings = {
				CODE_SIGN_IDENTITY = "Apple Development";
				CODE_SIGN_STYLE = Manual;
				CURRENT_PROJECT_VERSION = 1;
				DEVELOPMENT_TEAM = "";
				GENERATE_INFOPLIST_FILE = YES;
				INFOPLIST_FILE = BroadcastUploadExtension/Info.plist;
				INFOPLIST_KEY_CFBundleDisplayName = BroadcastUploadExtension;
				INFOPLIST_KEY_NSHumanReadableCopyright = "";
				IPHONEOS_DEPLOYMENT_TARGET = 16.0;
				LD_RUNPATH_SEARCH_PATHS = (
					"$(inherited)",
					"@executable_path/Frameworks",
					"@executable_path/../../Frameworks",
				);
				MARKETING_VERSION = 1.0;
				PRODUCT_BUNDLE_IDENTIFIER = "com.mobilenext.devicekit-h264.BroadcastUploadExtension";
				PRODUCT_NAME = "$(TARGET_NAME)";
				PROVISIONING_PROFILE_SPECIFIER = "";
				SKIP_INSTALL = YES;
				STRING_CATALOG_GENERATE_SYMBOLS = YES;
				SWIFT_EMIT_LOC_STRINGS = YES;
				SWIFT_VERSION = 5.9;
				TARGETED_DEVICE_FAMILY = "1,2";
			};
			name = Release;
		};
/* End XCBuildConfiguration section */

/* Begin XCConfigurationList section */
		2DA76DAA2FC0ECBF00C3F418 /* Build configuration list for PBXProject "devicekit.h264" */ = {
			isa = XCConfigurationList;
			buildConfigurations = (
				2DA76DE02FC0ECC100C3F418 /* Debug */,
				2DA76DE12FC0ECC100C3F418 /* Release */,
			);
			defaultConfigurationIsVisible = 0;
			defaultConfigurationName = Release;
		};
		2DA76DDD2FC0ECC100C3F418 /* Build configuration list for PBXNativeTarget "devicekit.h264" */ = {
			isa = XCConfigurationList;
			buildConfigurations = (
				2DA76DDE2FC0ECC100C3F418 /* Debug */,
				2DA76DDF2FC0ECC100C3F418 /* Release */,
			);
			defaultConfigurationIsVisible = 0;
			defaultConfigurationName = Release;
		};
		AA265748000000000000001A /* Build configuration list for PBXNativeTarget "BroadcastUploadExtension" */ = {
			isa = XCConfigurationList;
			buildConfigurations = (
				AA2657480000000000000018 /* Debug */,
				AA2657480000000000000019 /* Release */,
			);
			defaultConfigurationIsVisible = 0;
			defaultConfigurationName = Release;
		};
/* End XCConfigurationList section */

/* Begin XCLocalSwiftPackageReference section */
		AA2657480000000000000001 /* XCLocalSwiftPackageReference "h264-codec" */ = {
			isa = XCLocalSwiftPackageReference;
			relativePath = "h264-codec";
		};
		AA2657480000000000000002 /* XCLocalSwiftPackageReference "opus-codec" */ = {
			isa = XCLocalSwiftPackageReference;
			relativePath = "opus-codec";
		};
/* End XCLocalSwiftPackageReference section */

/* Begin XCSwiftPackageProductDependency section */
		AA2657480000000000000003 /* H264Codec */ = {
			isa = XCSwiftPackageProductDependency;
			package = AA2657480000000000000001 /* XCLocalSwiftPackageReference "h264-codec" */;
			productName = H264Codec;
		};
		AA2657480000000000000004 /* OpusCodec */ = {
			isa = XCSwiftPackageProductDependency;
			package = AA2657480000000000000002 /* XCLocalSwiftPackageReference "opus-codec" */;
			productName = OpusCodec;
		};
/* End XCSwiftPackageProductDependency section */
	};
	rootObject = 2DA76DA72FC0ECBF00C3F418 /* Project object */;
}
